
Microsoft Visual Studio Solution File, Format Version 12.00
# Visual Studio 15
VisualStudioVersion = 15.0.27004.2009
MinimumVisualStudioVersion = 10.0.40219.1
Project("{2150E333-8FDC-42A3-9474-1A3956D46DE8}") = "src", "src", "{BB4458FE-EDBF-42CA-B499-AAA824D98966}"
EndProject
Project("{2150E333-8FDC-42A3-9474-1A3956D46DE8}") = "Solution Items", "Solution Items", "{D2A7FBD8-4A60-4EB4-B2C2-1FD21E2D1FA7}"
EndProject
Project("{9A19103F-16F7-4668-BE54-9A1E7A4F7556}") = "DirectSpAuth", "src\DirectSpAuth\DirectSpAuth.csproj", "{AF91C33B-72C5-44F5-8237-9173875375EA}"
EndProject
Project("{2150E333-8FDC-42A3-9474-1A3956D46DE8}") = "client", "client", "{65F9AED5-DF01-4401-9BBF-23CB112AB1F9}"
EndProject
Project("{9A19103F-16F7-4668-BE54-9A1E7A4F7556}") = "DirectSpHost", "src\DirectSpHost\DirectSpHost.csproj", "{F961D3F7-5C1C-4BF1-BB1D-25446D6A9FF7}"
EndProject
Project("{9A19103F-16F7-4668-BE54-9A1E7A4F7556}") = "DirectSpCore", "src\DirectSpCore\DirectSpCore.csproj", "{1313B2AC-8D66-4F3F-BDFA-F741DBEA0156}"
EndProject
Project("{2150E333-8FDC-42A3-9474-1A3956D46DE8}") = "Tests", "Tests", "{6A55AE4F-3857-434E-8BB7-DD758B881531}"
EndProject
Project("{9A19103F-16F7-4668-BE54-9A1E7A4F7556}") = "DirectSp.Core.Test", "src\Tests\DirectSp.Core.Test\DirectSp.Core.Test.csproj", "{A2CB20F5-EF55-4259-80BF-6BC19EE55387}"
EndProject
Project("{00D1A9C2-B5F0-4AF3-8072-F6C62B433612}") = "DirectSpInternalDb", "DirectSpInternalDb\DirectSpInternalDb.sqlproj", "{A1031409-35B3-466F-A6B0-5B8D339131B7}"
EndProject
Project("{9A19103F-16F7-4668-BE54-9A1E7A4F7556}") = "DirectSpClientNet", "clients\DirectSpClientNet\DirectSpClientNet.csproj", "{D568F1ED-F8D9-4532-9FAA-34301FC85436}"
EndProject
Global
	GlobalSection(SolutionConfigurationPlatforms) = preSolution
		Debug|Any CPU = Debug|Any CPU
		Release|Any CPU = Release|Any CPU
	EndGlobalSection
	GlobalSection(ProjectConfigurationPlatforms) = postSolution
		{AF91C33B-72C5-44F5-8237-9173875375EA}.Debug|Any CPU.ActiveCfg = Debug|Any CPU
		{AF91C33B-72C5-44F5-8237-9173875375EA}.Debug|Any CPU.Build.0 = Debug|Any CPU
		{AF91C33B-72C5-44F5-8237-9173875375EA}.Release|Any CPU.ActiveCfg = Release|Any CPU
		{AF91C33B-72C5-44F5-8237-9173875375EA}.Release|Any CPU.Build.0 = Release|Any CPU
		{F961D3F7-5C1C-4BF1-BB1D-25446D6A9FF7}.Debug|Any CPU.ActiveCfg = Debug|Any CPU
		{F961D3F7-5C1C-4BF1-BB1D-25446D6A9FF7}.Debug|Any CPU.Build.0 = Debug|Any CPU
		{F961D3F7-5C1C-4BF1-BB1D-25446D6A9FF7}.Release|Any CPU.ActiveCfg = Release|Any CPU
		{F961D3F7-5C1C-4BF1-BB1D-25446D6A9FF7}.Release|Any CPU.Build.0 = Release|Any CPU
		{1313B2AC-8D66-4F3F-BDFA-F741DBEA0156}.Debug|Any CPU.ActiveCfg = Debug|Any CPU
		{1313B2AC-8D66-4F3F-BDFA-F741DBEA0156}.Debug|Any CPU.Build.0 = Debug|Any CPU
		{1313B2AC-8D66-4F3F-BDFA-F741DBEA0156}.Release|Any CPU.ActiveCfg = Release|Any CPU
		{1313B2AC-8D66-4F3F-BDFA-F741DBEA0156}.Release|Any CPU.Build.0 = Release|Any CPU
		{A2CB20F5-EF55-4259-80BF-6BC19EE55387}.Debug|Any CPU.ActiveCfg = Debug|Any CPU
		{A2CB20F5-EF55-4259-80BF-6BC19EE55387}.Debug|Any CPU.Build.0 = Debug|Any CPU
		{A2CB20F5-EF55-4259-80BF-6BC19EE55387}.Release|Any CPU.ActiveCfg = Release|Any CPU
		{A2CB20F5-EF55-4259-80BF-6BC19EE55387}.Release|Any CPU.Build.0 = Release|Any CPU
		{A1031409-35B3-466F-A6B0-5B8D339131B7}.Debug|Any CPU.ActiveCfg = Debug|Any CPU
		{A1031409-35B3-466F-A6B0-5B8D339131B7}.Debug|Any CPU.Build.0 = Debug|Any CPU
		{A1031409-35B3-466F-A6B0-5B8D339131B7}.Debug|Any CPU.Deploy.0 = Debug|Any CPU
		{A1031409-35B3-466F-A6B0-5B8D339131B7}.Release|Any CPU.ActiveCfg = Release|Any CPU
		{A1031409-35B3-466F-A6B0-5B8D339131B7}.Release|Any CPU.Build.0 = Release|Any CPU
		{A1031409-35B3-466F-A6B0-5B8D339131B7}.Release|Any CPU.Deploy.0 = Release|Any CPU
		{D568F1ED-F8D9-4532-9FAA-34301FC85436}.Debug|Any CPU.ActiveCfg = Debug|Any CPU
		{D568F1ED-F8D9-4532-9FAA-34301FC85436}.Debug|Any CPU.Build.0 = Debug|Any CPU
		{D568F1ED-F8D9-4532-9FAA-34301FC85436}.Release|Any CPU.ActiveCfg = Release|Any CPU
		{D568F1ED-F8D9-4532-9FAA-34301FC85436}.Release|Any CPU.Build.0 = Release|Any CPU
	EndGlobalSection
	GlobalSection(SolutionProperties) = preSolution
		HideSolutionNode = FALSE
	EndGlobalSection
	GlobalSection(NestedProjects) = preSolution
		{AF91C33B-72C5-44F5-8237-9173875375EA} = {BB4458FE-EDBF-42CA-B499-AAA824D98966}
		{65F9AED5-DF01-4401-9BBF-23CB112AB1F9} = {BB4458FE-EDBF-42CA-B499-AAA824D98966}
		{F961D3F7-5C1C-4BF1-BB1D-25446D6A9FF7} = {BB4458FE-EDBF-42CA-B499-AAA824D98966}
		{1313B2AC-8D66-4F3F-BDFA-F741DBEA0156} = {BB4458FE-EDBF-42CA-B499-AAA824D98966}
		{6A55AE4F-3857-434E-8BB7-DD758B881531} = {BB4458FE-EDBF-42CA-B499-AAA824D98966}
		{A2CB20F5-EF55-4259-80BF-6BC19EE55387} = {6A55AE4F-3857-434E-8BB7-DD758B881531}
		{A1031409-35B3-466F-A6B0-5B8D339131B7} = {BB4458FE-EDBF-42CA-B499-AAA824D98966}
		{D568F1ED-F8D9-4532-9FAA-34301FC85436} = {65F9AED5-DF01-4401-9BBF-23CB112AB1F9}
	EndGlobalSection
	GlobalSection(ExtensibilityGlobals) = postSolution
		SolutionGuid = {DD9CDE84-440B-4E86-9E7F-48E46C64B807}
	EndGlobalSection
EndGlobal
